
Microsoft Visual Studio Solution File, Format Version 12.00
# Visual Studio Version 17
VisualStudioVersion = 17.0.31903.59
MinimumVisualStudioVersion = 10.0.40219.1
Project("{2150E333-8FDC-42A3-9474-1A3956D46DE8}") = "src", "src", "{D5161527-9FB7-4803-91D3-F53642979F01}"
EndProject
Project("{FAE04EC0-301F-11D3-BF4B-00C04F79EFBC}") = "Play.Identity", "src\Play.Identity\Play.Identity.csproj", "{7F50B732-0892-4571-8892-D4B1C48F5849}"
EndProject
Global
	GlobalSection(SolutionConfigurationPlatforms) = preSolution
		Debug|Any CPU = Debug|Any CPU
		Release|Any CPU = Release|Any CPU
	EndGlobalSection
	GlobalSection(SolutionProperties) = preSolution
		HideSolutionNode = FALSE
	EndGlobalSection
	GlobalSection(ProjectConfigurationPlatforms) = postSolution
		{7F50B732-0892-4571-8892-D4B1C48F5849}.Debug|Any CPU.ActiveCfg = Debug|Any CPU
		{7F50B732-0892-4571-8892-D4B1C48F5849}.Debug|Any CPU.Build.0 = Debug|Any CPU
		{7F50B732-0892-4571-8892-D4B1C48F5849}.Release|Any CPU.ActiveCfg = Release|Any CPU
		{7F50B732-0892-4571-8892-D4B1C48F5849}.Release|Any CPU.Build.0 = Release|Any CPU
	EndGlobalSection
	GlobalSection(NestedProjects) = preSolution
		{7F50B732-0892-4571-8892-D4B1C48F5849} = {D5161527-9FB7-4803-91D3-F53642979F01}
	EndGlobalSection
EndGlobal
